
Microsoft Visual Studio Solution File, Format Version 12.00
# Visual Studio 15
VisualStudioVersion = 15.0.27428.2005
MinimumVisualStudioVersion = 10.0.40219.1
Project("{FAE04EC0-301F-11D3-BF4B-00C04F79EFBC}") = "TestingCMD", "TestingCMD\TestingCMD.csproj", "{D4E44492-89A1-4784-AF31-AFB57CDCBA74}"
EndProject
Global
	GlobalSection(SolutionConfigurationPlatforms) = preSolution
		Debug|Any CPU = Debug|Any CPU
		Release|Any CPU = Release|Any CPU
	EndGlobalSection
	GlobalSection(ProjectConfigurationPlatforms) = postSolution
		{D4E44492-89A1-4784-AF31-AFB57CDCBA74}.Debug|Any CPU.ActiveCfg = Debug|Any CPU
		{D4E44492-89A1-4784-AF31-AFB57CDCBA74}.Debug|Any CPU.Build.0 = Debug|Any CPU
		{D4E44492-89A1-4784-AF31-AFB57CDCBA74}.Release|Any CPU.ActiveCfg = Release|Any CPU
		{D4E44492-89A1-4784-AF31-AFB57CDCBA74}.Release|Any CPU.Build.0 = Release|Any CPU
	EndGlobalSection
	GlobalSection(SolutionProperties) = preSolution
		HideSolutionNode = FALSE
	EndGlobalSection
	GlobalSection(ExtensibilityGlobals) = postSolution
		SolutionGuid = {DD9016C1-A30C-4668-B00C-F76B7B1ACE82}
	EndGlobalSection
EndGlobal
